// !$*UTF8*$!
{
	archiveVersion = 1;
	classes = {
	};
	objectVersion = 45;
	objects = {

/* Begin PBXBuildFile section */
		2F7446AB0DB6BCF400F9684A /* MainMenu.xib in Resources */ = {isa = PBXBuildFile; fileRef = 2F7446A70DB6BCF400F9684A /* MainMenu.xib */; };
		2F7446AC0DB6BCF400F9684A /* ShowDocument.xib in Resources */ = {isa = PBXBuildFile; fileRef = 2F7446A90DB6BCF400F9684A /* ShowDocument.xib */; };
		775BDEF1067A8BF0009058FE /* ShowDocument.xcdatamodel in Sources */ = {isa = PBXBuildFile; fileRef = 775BDEF0067A8BF0009058FE /* ShowDocument.xcdatamodel */; };
		775DFF38067A968500C5B868 /* Cocoa.framework in Frameworks */ = {isa = PBXBuildFile; fileRef = 1058C7A7FEA54F5311CA2CBB /* Cocoa.framework */; };
		8D15AC2C0486D014006FF6A4 /* Credits.rtf in Resources */ = {isa = PBXBuildFile; fileRef = 2A37F4B9FDCFA73011CA2CEA /* Credits.rtf */; };
		8D15AC2F0486D014006FF6A4 /* InfoPlist.strings in Resources */ = {isa = PBXBuildFile; fileRef = 089C165FFE840EACC02AAC07 /* InfoPlist.strings */; };
		8D15AC310486D014006FF6A4 /* ShowDocument.m in Sources */ = {isa = PBXBuildFile; fileRef = 2A37F4ACFDCFA73011CA2CEA /* ShowDocument.m */; settings = {ATTRIBUTES = (); }; };
		8D15AC320486D014006FF6A4 /* main.m in Sources */ = {isa = PBXBuildFile; fileRef = 2A37F4B0FDCFA73011CA2CEA /* main.m */; settings = {ATTRIBUTES = (); }; };
		DD009C4911C97AE60011552A /* ThemedScroller.m in Sources */ = {isa = PBXBuildFile; fileRef = DD009C4811C97AE60011552A /* ThemedScroller.m */; };
		DD009C6111C97CDB0011552A /* TransparentScrollerKnobBottom.tif in Resources */ = {isa = PBXBuildFile; fileRef = DD009C5511C97CDB0011552A /* TransparentScrollerKnobBottom.tif */; };
		DD009C6211C97CDB0011552A /* TransparentScrollerKnobHorizontalFill.tif in Resources */ = {isa = PBXBuildFile; fileRef = DD009C5611C97CDB0011552A /* TransparentScrollerKnobHorizontalFill.tif */; };
		DD009C6311C97CDB0011552A /* TransparentScrollerKnobLeft.tif in Resources */ = {isa = PBXBuildFile; fileRef = DD009C5711C97CDB0011552A /* TransparentScrollerKnobLeft.tif */; };
		DD009C6411C97CDB0011552A /* TransparentScrollerKnobRight.tif in Resources */ = {isa = PBXBuildFile; fileRef = DD009C5811C97CDB0011552A /* TransparentScrollerKnobRight.tif */; };
		DD009C6511C97CDB0011552A /* TransparentScrollerKnobTop.tif in Resources */ = {isa = PBXBuildFile; fileRef = DD009C5911C97CDB0011552A /* TransparentScrollerKnobTop.tif */; };
		DD009C6611C97CDB0011552A /* TransparentScrollerKnobVerticalFill.tif in Resources */ = {isa = PBXBuildFile; fileRef = DD009C5A11C97CDB0011552A /* TransparentScrollerKnobVerticalFill.tif */; };
		DD009C6711C97CDB0011552A /* TransparentScrollerSlotBottom.tif in Resources */ = {isa = PBXBuildFile; fileRef = DD009C5B11C97CDB0011552A /* TransparentScrollerSlotBottom.tif */; };
		DD009C6811C97CDB0011552A /* TransparentScrollerSlotHorizontalFill.tif in Resources */ = {isa = PBXBuildFile; fileRef = DD009C5C11C97CDB0011552A /* TransparentScrollerSlotHorizontalFill.tif */; };
		DD009C6911C97CDB0011552A /* TransparentScrollerSlotLeft.tif in Resources */ = {isa = PBXBuildFile; fileRef = DD009C5D11C97CDB0011552A /* TransparentScrollerSlotLeft.tif */; };
		DD009C6A11C97CDB0011552A /* TransparentScrollerSlotRight.tif in Resources */ = {isa = PBXBuildFile; fileRef = DD009C5E11C97CDB0011552A /* TransparentScrollerSlotRight.tif */; };
		DD009C6B11C97CDB0011552A /* TransparentScrollerSlotTop.tif in Resources */ = {isa = PBXBuildFile; fileRef = DD009C5F11C97CDB0011552A /* TransparentScrollerSlotTop.tif */; };
		DD009C6C11C97CDB0011552A /* TransparentScrollerSlotVerticalFill.tif in Resources */ = {isa = PBXBuildFile; fileRef = DD009C6011C97CDB0011552A /* TransparentScrollerSlotVerticalFill.tif */; };
		DD0AD2F812060A500001C420 /* CueGroupModel.m in Sources */ = {isa = PBXBuildFile; fileRef = DD0AD2F712060A500001C420 /* CueGroupModel.m */; };
		DD1861A111E65095008B4F27 /* CueTimeCell.m in Sources */ = {isa = PBXBuildFile; fileRef = DD1861A011E65095008B4F27 /* CueTimeCell.m */; };
		DD18642011E73700008B4F27 /* LightCueModel.m in Sources */ = {isa = PBXBuildFile; fileRef = DD18641F11E73700008B4F27 /* LightCueModel.m */; };
		DD2DBA68127833A6001C58AC /* libprotobuf.dylib in Frameworks */ = {isa = PBXBuildFile; fileRef = DD2DBA67127833A6001C58AC /* libprotobuf.dylib */; };
		DD2DBA6A127833B3001C58AC /* libola.dylib in Frameworks */ = {isa = PBXBuildFile; fileRef = DD2DBA69127833B3001C58AC /* libola.dylib */; };
		DD2DBA6C127833C0001C58AC /* libolacommon.dylib in Frameworks */ = {isa = PBXBuildFile; fileRef = DD2DBA6B127833C0001C58AC /* libolacommon.dylib */; };
		DD2DBA7112783413001C58AC /* OlaController.mm in Sources */ = {isa = PBXBuildFile; fileRef = DD2DBA7012783413001C58AC /* OlaController.mm */; };
		DD3A08331208C1C100250889 /* NSArray_Extensions.m in Sources */ = {isa = PBXBuildFile; fileRef = DD3A082D1208C1C100250889 /* NSArray_Extensions.m */; };
		DD3A08341208C1C100250889 /* NSTreeController_Extensions.m in Sources */ = {isa = PBXBuildFile; fileRef = DD3A082E1208C1C100250889 /* NSTreeController_Extensions.m */; };
		DD3A08351208C1C100250889 /* NSTreeNode_Extensions.m in Sources */ = {isa = PBXBuildFile; fileRef = DD3A082F1208C1C100250889 /* NSTreeNode_Extensions.m */; };
		DD3A08361208C1C100250889 /* NSIndexPath_Extensions.m in Sources */ = {isa = PBXBuildFile; fileRef = DD3A08301208C1C100250889 /* NSIndexPath_Extensions.m */; };
		DD3A08371208C1C100250889 /* ESTreeController.m in Sources */ = {isa = PBXBuildFile; fileRef = DD3A08311208C1C100250889 /* ESTreeController.m */; };
		DD3A08381208C1C100250889 /* ESOutlineView.m in Sources */ = {isa = PBXBuildFile; fileRef = DD3A08321208C1C100250889 /* ESOutlineView.m */; };
		DD3A368312036BDC00797754 /* followArrow1.png in Resources */ = {isa = PBXBuildFile; fileRef = DD3A368012036BDC00797754 /* followArrow1.png */; };
		DD3A368412036BDC00797754 /* followArrow2.png in Resources */ = {isa = PBXBuildFile; fileRef = DD3A368112036BDC00797754 /* followArrow2.png */; };
		DD3A368512036BDC00797754 /* followArrow3.png in Resources */ = {isa = PBXBuildFile; fileRef = DD3A368212036BDC00797754 /* followArrow3.png */; };
		DD3A37C4120377DD00797754 /* prewait_01.png in Resources */ = {isa = PBXBuildFile; fileRef = DD3A37C1120377DD00797754 /* prewait_01.png */; };
		DD3A37C5120377DD00797754 /* prewait_02.png in Resources */ = {isa = PBXBuildFile; fileRef = DD3A37C2120377DD00797754 /* prewait_02.png */; };
		DD3A37C6120377DD00797754 /* prewait_03.png in Resources */ = {isa = PBXBuildFile; fileRef = DD3A37C3120377DD00797754 /* prewait_03.png */; };
		DD3A38D11204348E00797754 /* CueModel.m in Sources */ = {isa = PBXBuildFile; fileRef = DD3A38D01204348E00797754 /* CueModel.m */; };
		DD3A39B21205A2F000797754 /* CueOutlineView.m in Sources */ = {isa = PBXBuildFile; fileRef = DD3A39B11205A2F000797754 /* CueOutlineView.m */; };
		DD3A3B201205BF9900797754 /* CueTreeController.m in Sources */ = {isa = PBXBuildFile; fileRef = DD3A3B1F1205BF9900797754 /* CueTreeController.m */; };
		DD3E885E11EFAF1100442BA7 /* greenDot.PNG in Resources */ = {isa = PBXBuildFile; fileRef = DD3E885B11EFAF1100442BA7 /* greenDot.PNG */; };
		DD3E885F11EFAF1100442BA7 /* halfOrangeDot.PNG in Resources */ = {isa = PBXBuildFile; fileRef = DD3E885C11EFAF1100442BA7 /* halfOrangeDot.PNG */; };
		DD3E886011EFAF1100442BA7 /* orangeDot.PNG in Resources */ = {isa = PBXBuildFile; fileRef = DD3E885D11EFAF1100442BA7 /* orangeDot.PNG */; };
		DD3E892C11F0507D00442BA7 /* CueDeviceRelationModel.m in Sources */ = {isa = PBXBuildFile; fileRef = DD3E892B11F0507D00442BA7 /* CueDeviceRelationModel.m */; };
		DD3E8A5811F2150800442BA7 /* CueTableTextCell.m in Sources */ = {isa = PBXBuildFile; fileRef = DD3E8A5711F2150800442BA7 /* CueTableTextCell.m */; };
		DD40BFFE12722FA30049E253 /* followTableArrow.png in Resources */ = {isa = PBXBuildFile; fileRef = DD40BFFD12722FA30049E253 /* followTableArrow.png */; };
		DD40C0F012724A740049E253 /* NSTreeController-DMExtensions.m in Sources */ = {isa = PBXBuildFile; fileRef = DD40C0EF12724A740049E253 /* NSTreeController-DMExtensions.m */; };
		DD7E1A6A127F4E5C00B1D735 /* DmxController.mm in Sources */ = {isa = PBXBuildFile; fileRef = DD7E1A69127F4E5C00B1D735 /* DmxController.mm */; };
		DD7E1AF9127F59CE00B1D735 /* OlaConfigurator.cpp in Sources */ = {isa = PBXBuildFile; fileRef = DD7E1AF8127F59CE00B1D735 /* OlaConfigurator.cpp */; };
		DD7E1B05127F5A3900B1D735 /* ola-artnet.h in Sources */ = {isa = PBXBuildFile; fileRef = DD7E1B04127F5A3900B1D735 /* ola-artnet.h */; };
		DD7E1B3D127F5C3800B1D735 /* libolaartnetconf.dylib in Frameworks */ = {isa = PBXBuildFile; fileRef = DD7E1B3C127F5C3800B1D735 /* libolaartnetconf.dylib */; };
		DD7E1B41127F5C4D00B1D735 /* libolausbproconf.dylib in Frameworks */ = {isa = PBXBuildFile; fileRef = DD7E1B40127F5C4D00B1D735 /* libolausbproconf.dylib */; };
		DD7E1B52127F5D2900B1D735 /* ola-usbpro.cpp in Sources */ = {isa = PBXBuildFile; fileRef = DD7E1B51127F5D2900B1D735 /* ola-usbpro.cpp */; };
		DD7E1C7912800A6C00B1D735 /* ApplicationDelegate.m in Sources */ = {isa = PBXBuildFile; fileRef = DD7E1C7812800A6C00B1D735 /* ApplicationDelegate.m */; };
		DD85427C11F4A67A00D9A974 /* IOKit.framework in Frameworks */ = {isa = PBXBuildFile; fileRef = DD85427B11F4A67A00D9A974 /* IOKit.framework */; };
		DD8BB8CA1274889700EE51C7 /* CueFollowCell.m in Sources */ = {isa = PBXBuildFile; fileRef = DD8BB8C91274889700EE51C7 /* CueFollowCell.m */; };
		DD8BB9F61274B41D00EE51C7 /* NSManagedObjectContext-Category.m in Sources */ = {isa = PBXBuildFile; fileRef = DD8BB9F51274B41D00EE51C7 /* NSManagedObjectContext-Category.m */; };
		DDA702CE11C275F900132DB5 /* BWToolkitFramework.framework in Frameworks */ = {isa = PBXBuildFile; fileRef = DDA702CD11C275F900132DB5 /* BWToolkitFramework.framework */; };
		DDA7030611C2764100132DB5 /* BWToolkitFramework.framework in Copy Frameworks */ = {isa = PBXBuildFile; fileRef = DDA702CD11C275F900132DB5 /* BWToolkitFramework.framework */; };
		DDA7031A11C276C200132DB5 /* DeviceView.m in Sources */ = {isa = PBXBuildFile; fileRef = DDA7031911C276C200132DB5 /* DeviceView.m */; };
		DDA7031F11C276D200132DB5 /* GroupsCollectionView.m in Sources */ = {isa = PBXBuildFile; fileRef = DDA7031C11C276D200132DB5 /* GroupsCollectionView.m */; };
		DDA7032011C276D200132DB5 /* GroupView.m in Sources */ = {isa = PBXBuildFile; fileRef = DDA7031E11C276D200132DB5 /* GroupView.m */; };
		DDA7032611C276F300132DB5 /* SelectionController.m in Sources */ = {isa = PBXBuildFile; fileRef = DDA7032311C276F300132DB5 /* SelectionController.m */; };
		DDA7032711C276F300132DB5 /* DimmerView.m in Sources */ = {isa = PBXBuildFile; fileRef = DDA7032511C276F300132DB5 /* DimmerView.m */; };
		DDA703A111C27E9100132DB5 /* DeviceModel.m in Sources */ = {isa = PBXBuildFile; fileRef = DDA703A011C27E9100132DB5 /* DeviceModel.m */; };
		DDA703A411C27EA300132DB5 /* DeviceGroupModel.m in Sources */ = {isa = PBXBuildFile; fileRef = DDA703A311C27EA300132DB5 /* DeviceGroupModel.m */; };
		DDA7043711C2829200132DB5 /* ViewController.m in Sources */ = {isa = PBXBuildFile; fileRef = DDA7043611C2829200132DB5 /* ViewController.m */; };
		DDA7051611C28C2100132DB5 /* DevicesController.m in Sources */ = {isa = PBXBuildFile; fileRef = DDA7051511C28C2100132DB5 /* DevicesController.m */; };
		DDA7055811C2908C00132DB5 /* DevicePropertyModel.m in Sources */ = {isa = PBXBuildFile; fileRef = DDA7055711C2908C00132DB5 /* DevicePropertyModel.m */; };
		DDB3292511FC8DD500168794 /* GraphView.m in Sources */ = {isa = PBXBuildFile; fileRef = DDB3292411FC8DD500168794 /* GraphView.m */; };
		DDC0334A11CBABB9005EBCC6 /* TimeFormatter.m in Sources */ = {isa = PBXBuildFile; fileRef = DDC0334811CBABB9005EBCC6 /* TimeFormatter.m */; };
		DDC035A911CBD49B005EBCC6 /* CueController.m in Sources */ = {isa = PBXBuildFile; fileRef = DDC035A811CBD49B005EBCC6 /* CueController.m */; };
		DDC182AC120866A4005C3BB0 /* MainWindow.m in Sources */ = {isa = PBXBuildFile; fileRef = DDC182AB120866A4005C3BB0 /* MainWindow.m */; };
		DDF0AB0811EB538C002729B4 /* CueDevicePropertyRelationModel.m in Sources */ = {isa = PBXBuildFile; fileRef = DDF0AB0711EB538C002729B4 /* CueDevicePropertyRelationModel.m */; };
		DDF2BFF511FDBD0C00928748 /* GraphCueAreaView.m in Sources */ = {isa = PBXBuildFile; fileRef = DDF2BFF411FDBD0C00928748 /* GraphCueAreaView.m */; };
/* End PBXBuildFile section */

/* Begin PBXCopyFilesBuildPhase section */
		DDA7030D11C2764800132DB5 /* Copy Frameworks */ = {
			isa = PBXCopyFilesBuildPhase;
			buildActionMask = 2147483647;
			dstPath = "";
			dstSubfolderSpec = 10;
			files = (
				DDA7030611C2764100132DB5 /* BWToolkitFramework.framework in Copy Frameworks */,
			);
			name = "Copy Frameworks";
			runOnlyForDeploymentPostprocessing = 0;
		};
/* End PBXCopyFilesBuildPhase section */

/* Begin PBXFileReference section */
		089C1660FE840EACC02AAC07 /* English */ = {isa = PBXFileReference; fileEncoding = 10; lastKnownFileType = text.plist.strings; name = English; path = English.lproj/InfoPlist.strings; sourceTree = "<group>"; };
		1058C7A7FEA54F5311CA2CBB /* Cocoa.framework */ = {isa = PBXFileReference; lastKnownFileType = wrapper.framework; name = Cocoa.framework; path = /System/Library/Frameworks/Cocoa.framework; sourceTree = "<absolute>"; };
		2A37F4ACFDCFA73011CA2CEA /* ShowDocument.m */ = {isa = PBXFileReference; fileEncoding = 4; lastKnownFileType = sourcecode.c.objc; path = ShowDocument.m; sourceTree = "<group>"; };
		2A37F4AEFDCFA73011CA2CEA /* ShowDocument.h */ = {isa = PBXFileReference; fileEncoding = 4; lastKnownFileType = sourcecode.c.h; path = ShowDocument.h; sourceTree = "<group>"; };
		2A37F4B0FDCFA73011CA2CEA /* main.m */ = {isa = PBXFileReference; fileEncoding = 4; lastKnownFileType = sourcecode.c.objc; path = main.m; sourceTree = "<group>"; };
		2A37F4BAFDCFA73011CA2CEA /* English */ = {isa = PBXFileReference; lastKnownFileType = text.rtf; name = English; path = English.lproj/Credits.rtf; sourceTree = "<group>"; };
		2A37F4C4FDCFA73011CA2CEA /* AppKit.framework */ = {isa = PBXFileReference; lastKnownFileType = wrapper.framework; name = AppKit.framework; path = /System/Library/Frameworks/AppKit.framework; sourceTree = "<absolute>"; };
		2A37F4C5FDCFA73011CA2CEA /* Foundation.framework */ = {isa = PBXFileReference; lastKnownFileType = wrapper.framework; name = Foundation.framework; path = /System/Library/Frameworks/Foundation.framework; sourceTree = "<absolute>"; };
		2F7446A80DB6BCF400F9684A /* English */ = {isa = PBXFileReference; lastKnownFileType = file.xib; name = English; path = English.lproj/MainMenu.xib; sourceTree = "<group>"; };
		2F7446AA0DB6BCF400F9684A /* English */ = {isa = PBXFileReference; lastKnownFileType = file.xib; name = English; path = English.lproj/ShowDocument.xib; sourceTree = "<group>"; };
		32DBCF750370BD2300C91783 /* LightCue_Prefix.pch */ = {isa = PBXFileReference; fileEncoding = 4; lastKnownFileType = sourcecode.c.h; path = LightCue_Prefix.pch; sourceTree = "<group>"; };
		775BDEF0067A8BF0009058FE /* ShowDocument.xcdatamodel */ = {isa = PBXFileReference; fileEncoding = 4; lastKnownFileType = wrapper.xcdatamodel; path = ShowDocument.xcdatamodel; sourceTree = "<group>"; };
		7788DA0506752A1600599AAD /* CoreData.framework */ = {isa = PBXFileReference; lastKnownFileType = wrapper.framework; name = CoreData.framework; path = /System/Library/Frameworks/CoreData.framework; sourceTree = "<absolute>"; };
		8D15AC360486D014006FF6A4 /* LightCue-Info.plist */ = {isa = PBXFileReference; explicitFileType = text.plist.xml; fileEncoding = 4; path = "LightCue-Info.plist"; sourceTree = "<group>"; };
		8D15AC370486D014006FF6A4 /* LightCue.app */ = {isa = PBXFileReference; explicitFileType = wrapper.application; includeInIndex = 0; path = LightCue.app; sourceTree = BUILT_PRODUCTS_DIR; };
		DD009C4711C97AE60011552A /* ThemedScroller.h */ = {isa = PBXFileReference; fileEncoding = 4; lastKnownFileType = sourcecode.c.h; path = ThemedScroller.h; sourceTree = "<group>"; };
		DD009C4811C97AE60011552A /* ThemedScroller.m */ = {isa = PBXFileReference; fileEncoding = 4; lastKnownFileType = sourcecode.c.objc; path = ThemedScroller.m; sourceTree = "<group>"; };
		DD009C5511C97CDB0011552A /* TransparentScrollerKnobBottom.tif */ = {isa = PBXFileReference; lastKnownFileType = image.tiff; name = TransparentScrollerKnobBottom.tif; path = Resources/TransparentScrollerKnobBottom.tif; sourceTree = "<group>"; };
		DD009C5611C97CDB0011552A /* TransparentScrollerKnobHorizontalFill.tif */ = {isa = PBXFileReference; lastKnownFileType = image.tiff; name = TransparentScrollerKnobHorizontalFill.tif; path = Resources/TransparentScrollerKnobHorizontalFill.tif; sourceTree = "<group>"; };
		DD009C5711C97CDB0011552A /* TransparentScrollerKnobLeft.tif */ = {isa = PBXFileReference; lastKnownFileType = image.tiff; name = TransparentScrollerKnobLeft.tif; path = Resources/TransparentScrollerKnobLeft.tif; sourceTree = "<group>"; };
		DD009C5811C97CDB0011552A /* TransparentScrollerKnobRight.tif */ = {isa = PBXFileReference; lastKnownFileType = image.tiff; name = TransparentScrollerKnobRight.tif; path = Resources/TransparentScrollerKnobRight.tif; sourceTree = "<group>"; };
		DD009C5911C97CDB0011552A /* TransparentScrollerKnobTop.tif */ = {isa = PBXFileReference; lastKnownFileType = image.tiff; name = TransparentScrollerKnobTop.tif; path = Resources/TransparentScrollerKnobTop.tif; sourceTree = "<group>"; };
		DD009C5A11C97CDB0011552A /* TransparentScrollerKnobVerticalFill.tif */ = {isa = PBXFileReference; lastKnownFileType = image.tiff; name = TransparentScrollerKnobVerticalFill.tif; path = Resources/TransparentScrollerKnobVerticalFill.tif; sourceTree = "<group>"; };
		DD009C5B11C97CDB0011552A /* TransparentScrollerSlotBottom.tif */ = {isa = PBXFileReference; lastKnownFileType = image.tiff; name = TransparentScrollerSlotBottom.tif; path = Resources/TransparentScrollerSlotBottom.tif; sourceTree = "<group>"; };
		DD009C5C11C97CDB0011552A /* TransparentScrollerSlotHorizontalFill.tif */ = {isa = PBXFileReference; lastKnownFileType = image.tiff; name = TransparentScrollerSlotHorizontalFill.tif; path = Resources/TransparentScrollerSlotHorizontalFill.tif; sourceTree = "<group>"; };
		DD009C5D11C97CDB0011552A /* TransparentScrollerSlotLeft.tif */ = {isa = PBXFileReference; lastKnownFileType = image.tiff; name = TransparentScrollerSlotLeft.tif; path = Resources/TransparentScrollerSlotLeft.tif; sourceTree = "<group>"; };
		DD009C5E11C97CDB0011552A /* TransparentScrollerSlotRight.tif */ = {isa = PBXFileReference; lastKnownFileType = image.tiff; name = TransparentScrollerSlotRight.tif; path = Resources/TransparentScrollerSlotRight.tif; sourceTree = "<group>"; };
		DD009C5F11C97CDB0011552A /* TransparentScrollerSlotTop.tif */ = {isa = PBXFileReference; lastKnownFileType = image.tiff; name = TransparentScrollerSlotTop.tif; path = Resources/TransparentScrollerSlotTop.tif; sourceTree = "<group>"; };
		DD009C6011C97CDB0011552A /* TransparentScrollerSlotVerticalFill.tif */ = {isa = PBXFileReference; lastKnownFileType = image.tiff; name = TransparentScrollerSlotVerticalFill.tif; path = Resources/TransparentScrollerSlotVerticalFill.tif; sourceTree = "<group>"; };
		DD0AD2F612060A500001C420 /* CueGroupModel.h */ = {isa = PBXFileReference; fileEncoding = 4; lastKnownFileType = sourcecode.c.h; path = CueGroupModel.h; sourceTree = "<group>"; };
		DD0AD2F712060A500001C420 /* CueGroupModel.m */ = {isa = PBXFileReference; fileEncoding = 4; lastKnownFileType = sourcecode.c.objc; path = CueGroupModel.m; sourceTree = "<group>"; };
		DD18619F11E65095008B4F27 /* CueTimeCell.h */ = {isa = PBXFileReference; fileEncoding = 4; lastKnownFileType = sourcecode.c.h; path = CueTimeCell.h; sourceTree = "<group>"; };
		DD1861A011E65095008B4F27 /* CueTimeCell.m */ = {isa = PBXFileReference; fileEncoding = 4; lastKnownFileType = sourcecode.c.objc; path = CueTimeCell.m; sourceTree = "<group>"; };
		DD18641E11E73700008B4F27 /* LightCueModel.h */ = {isa = PBXFileReference; fileEncoding = 4; lastKnownFileType = sourcecode.c.h; path = LightCueModel.h; sourceTree = "<group>"; };
		DD18641F11E73700008B4F27 /* LightCueModel.m */ = {isa = PBXFileReference; fileEncoding = 4; lastKnownFileType = sourcecode.c.objc; path = LightCueModel.m; sourceTree = "<group>"; };
		DD2DBA67127833A6001C58AC /* libprotobuf.dylib */ = {isa = PBXFileReference; lastKnownFileType = "compiled.mach-o.dylib"; name = libprotobuf.dylib; path = usr/local/lib/libprotobuf.dylib; sourceTree = SDKROOT; };
		DD2DBA69127833B3001C58AC /* libola.dylib */ = {isa = PBXFileReference; lastKnownFileType = "compiled.mach-o.dylib"; name = libola.dylib; path = usr/local/lib/libola.dylib; sourceTree = SDKROOT; };
		DD2DBA6B127833C0001C58AC /* libolacommon.dylib */ = {isa = PBXFileReference; lastKnownFileType = "compiled.mach-o.dylib"; name = libolacommon.dylib; path = usr/local/lib/libolacommon.dylib; sourceTree = SDKROOT; };
		DD2DBA6F12783413001C58AC /* OlaController.h */ = {isa = PBXFileReference; fileEncoding = 4; lastKnownFileType = sourcecode.c.h; path = OlaController.h; sourceTree = "<group>"; };
		DD2DBA7012783413001C58AC /* OlaController.mm */ = {isa = PBXFileReference; fileEncoding = 4; lastKnownFileType = sourcecode.cpp.objcpp; path = OlaController.mm; sourceTree = "<group>"; };
		DD3A08271208C1BB00250889 /* NSArray_Extensions.h */ = {isa = PBXFileReference; fileEncoding = 4; lastKnownFileType = sourcecode.c.h; path = NSArray_Extensions.h; sourceTree = "<group>"; };
		DD3A08281208C1BB00250889 /* NSTreeController_Extensions.h */ = {isa = PBXFileReference; fileEncoding = 4; lastKnownFileType = sourcecode.c.h; path = NSTreeController_Extensions.h; sourceTree = "<group>"; };
		DD3A08291208C1BB00250889 /* NSIndexPath_Extensions.h */ = {isa = PBXFileReference; fileEncoding = 4; lastKnownFileType = sourcecode.c.h; path = NSIndexPath_Extensions.h; sourceTree = "<group>"; };
		DD3A082A1208C1BB00250889 /* NSTreeNode_Extensions.h */ = {isa = PBXFileReference; fileEncoding = 4; lastKnownFileType = sourcecode.c.h; path = NSTreeNode_Extensions.h; sourceTree = "<group>"; };
		DD3A082B1208C1BB00250889 /* ESTreeController.h */ = {isa = PBXFileReference; fileEncoding = 4; lastKnownFileType = sourcecode.c.h; path = ESTreeController.h; sourceTree = "<group>"; };
		DD3A082C1208C1BB00250889 /* ESOutlineView.h */ = {isa = PBXFileReference; fileEncoding = 4; lastKnownFileType = sourcecode.c.h; path = ESOutlineView.h; sourceTree = "<group>"; };
		DD3A082D1208C1C100250889 /* NSArray_Extensions.m */ = {isa = PBXFileReference; fileEncoding = 4; lastKnownFileType = sourcecode.c.objc; name = NSArray_Extensions.m; path = ../../../Downloads/SortedTree/NSArray_Extensions.m; sourceTree = SOURCE_ROOT; };
		DD3A082E1208C1C100250889 /* NSTreeController_Extensions.m */ = {isa = PBXFileReference; fileEncoding = 4; lastKnownFileType = sourcecode.c.objc; name = NSTreeController_Extensions.m; path = ../../../Downloads/SortedTree/NSTreeController_Extensions.m; sourceTree = SOURCE_ROOT; };
		DD3A082F1208C1C100250889 /* NSTreeNode_Extensions.m */ = {isa = PBXFileReference; fileEncoding = 4; lastKnownFileType = sourcecode.c.objc; name = NSTreeNode_Extensions.m; path = ../../../Downloads/SortedTree/NSTreeNode_Extensions.m; sourceTree = SOURCE_ROOT; };
		DD3A08301208C1C100250889 /* NSIndexPath_Extensions.m */ = {isa = PBXFileReference; fileEncoding = 4; lastKnownFileType = sourcecode.c.objc; name = NSIndexPath_Extensions.m; path = ../../../Downloads/SortedTree/NSIndexPath_Extensions.m; sourceTree = SOURCE_ROOT; };
		DD3A08311208C1C100250889 /* ESTreeController.m */ = {isa = PBXFileReference; fileEncoding = 4; lastKnownFileType = sourcecode.c.objc; name = ESTreeController.m; path = ../../../Downloads/SortedTree/ESTreeController.m; sourceTree = SOURCE_ROOT; };
		DD3A08321208C1C100250889 /* ESOutlineView.m */ = {isa = PBXFileReference; fileEncoding = 4; lastKnownFileType = sourcecode.c.objc; name = ESOutlineView.m; path = ../../../Downloads/SortedTree/ESOutlineView.m; sourceTree = SOURCE_ROOT; };
		DD3A368012036BDC00797754 /* followArrow1.png */ = {isa = PBXFileReference; lastKnownFileType = image.png; name = followArrow1.png; path = Resources/followArrow1.png; sourceTree = "<group>"; };
		DD3A368112036BDC00797754 /* followArrow2.png */ = {isa = PBXFileReference; lastKnownFileType = image.png; name = followArrow2.png; path = Resources/followArrow2.png; sourceTree = "<group>"; };
		DD3A368212036BDC00797754 /* followArrow3.png */ = {isa = PBXFileReference; lastKnownFileType = image.png; name = followArrow3.png; path = Resources/followArrow3.png; sourceTree = "<group>"; };
		DD3A37C1120377DD00797754 /* prewait_01.png */ = {isa = PBXFileReference; lastKnownFileType = image.png; name = prewait_01.png; path = Resources/prewait_01.png; sourceTree = "<group>"; };
		DD3A37C2120377DD00797754 /* prewait_02.png */ = {isa = PBXFileReference; lastKnownFileType = image.png; name = prewait_02.png; path = Resources/prewait_02.png; sourceTree = "<group>"; };
		DD3A37C3120377DD00797754 /* prewait_03.png */ = {isa = PBXFileReference; lastKnownFileType = image.png; name = prewait_03.png; path = Resources/prewait_03.png; sourceTree = "<group>"; };
		DD3A38CF1204348E00797754 /* CueModel.h */ = {isa = PBXFileReference; fileEncoding = 4; lastKnownFileType = sourcecode.c.h; path = CueModel.h; sourceTree = "<group>"; };
		DD3A38D01204348E00797754 /* CueModel.m */ = {isa = PBXFileReference; fileEncoding = 4; lastKnownFileType = sourcecode.c.objc; path = CueModel.m; sourceTree = "<group>"; };
		DD3A39B01205A2F000797754 /* CueOutlineView.h */ = {isa = PBXFileReference; fileEncoding = 4; lastKnownFileType = sourcecode.c.h; path = CueOutlineView.h; sourceTree = "<group>"; };
		DD3A39B11205A2F000797754 /* CueOutlineView.m */ = {isa = PBXFileReference; fileEncoding = 4; lastKnownFileType = sourcecode.c.objc; path = CueOutlineView.m; sourceTree = "<group>"; };
		DD3A39C41205A4B700797754 /* PasteboardTypes.h */ = {isa = PBXFileReference; fileEncoding = 4; lastKnownFileType = sourcecode.c.h; path = PasteboardTypes.h; sourceTree = "<group>"; };
		DD3A3B1E1205BF9900797754 /* CueTreeController.h */ = {isa = PBXFileReference; fileEncoding = 4; lastKnownFileType = sourcecode.c.h; path = CueTreeController.h; sourceTree = "<group>"; };
		DD3A3B1F1205BF9900797754 /* CueTreeController.m */ = {isa = PBXFileReference; fileEncoding = 4; lastKnownFileType = sourcecode.c.objc; path = CueTreeController.m; sourceTree = "<group>"; };
		DD3E885B11EFAF1100442BA7 /* greenDot.PNG */ = {isa = PBXFileReference; lastKnownFileType = image.png; name = greenDot.PNG; path = Resources/greenDot.PNG; sourceTree = "<group>"; };
		DD3E885C11EFAF1100442BA7 /* halfOrangeDot.PNG */ = {isa = PBXFileReference; lastKnownFileType = image.png; name = halfOrangeDot.PNG; path = Resources/halfOrangeDot.PNG; sourceTree = "<group>"; };
		DD3E885D11EFAF1100442BA7 /* orangeDot.PNG */ = {isa = PBXFileReference; lastKnownFileType = image.png; name = orangeDot.PNG; path = Resources/orangeDot.PNG; sourceTree = "<group>"; };
		DD3E892A11F0507D00442BA7 /* CueDeviceRelationModel.h */ = {isa = PBXFileReference; fileEncoding = 4; lastKnownFileType = sourcecode.c.h; path = CueDeviceRelationModel.h; sourceTree = "<group>"; };
		DD3E892B11F0507D00442BA7 /* CueDeviceRelationModel.m */ = {isa = PBXFileReference; fileEncoding = 4; lastKnownFileType = sourcecode.c.objc; path = CueDeviceRelationModel.m; sourceTree = "<group>"; };
		DD3E8A5611F2150800442BA7 /* CueTableTextCell.h */ = {isa = PBXFileReference; fileEncoding = 4; lastKnownFileType = sourcecode.c.h; path = CueTableTextCell.h; sourceTree = "<group>"; };
		DD3E8A5711F2150800442BA7 /* CueTableTextCell.m */ = {isa = PBXFileReference; fileEncoding = 4; lastKnownFileType = sourcecode.c.objc; path = CueTableTextCell.m; sourceTree = "<group>"; };
		DD40BFFD12722FA30049E253 /* followTableArrow.png */ = {isa = PBXFileReference; lastKnownFileType = image.png; name = followTableArrow.png; path = Resources/followTableArrow.png; sourceTree = "<group>"; };
		DD40C0EE12724A740049E253 /* NSTreeController-DMExtensions.h */ = {isa = PBXFileReference; fileEncoding = 4; lastKnownFileType = sourcecode.c.h; path = "NSTreeController-DMExtensions.h"; sourceTree = "<group>"; };
		DD40C0EF12724A740049E253 /* NSTreeController-DMExtensions.m */ = {isa = PBXFileReference; fileEncoding = 4; lastKnownFileType = sourcecode.c.objc; path = "NSTreeController-DMExtensions.m"; sourceTree = "<group>"; };
		DD7E1A68127F4E5C00B1D735 /* DmxController.h */ = {isa = PBXFileReference; fileEncoding = 4; lastKnownFileType = sourcecode.c.h; path = DmxController.h; sourceTree = "<group>"; };
		DD7E1A69127F4E5C00B1D735 /* DmxController.mm */ = {isa = PBXFileReference; fileEncoding = 4; lastKnownFileType = sourcecode.cpp.objcpp; path = DmxController.mm; sourceTree = "<group>"; };
		DD7E1AF7127F59CE00B1D735 /* OlaConfigurator.h */ = {isa = PBXFileReference; fileEncoding = 4; lastKnownFileType = sourcecode.c.h; path = OlaConfigurator.h; sourceTree = "<group>"; };
		DD7E1AF8127F59CE00B1D735 /* OlaConfigurator.cpp */ = {isa = PBXFileReference; fileEncoding = 4; lastKnownFileType = sourcecode.cpp.cpp; path = OlaConfigurator.cpp; sourceTree = "<group>"; };
		DD7E1B04127F5A3900B1D735 /* ola-artnet.h */ = {isa = PBXFileReference; fileEncoding = 4; lastKnownFileType = sourcecode.c.h; path = "ola-artnet.h"; sourceTree = "<group>"; };
		DD7E1B3C127F5C3800B1D735 /* libolaartnetconf.dylib */ = {isa = PBXFileReference; lastKnownFileType = "compiled.mach-o.dylib"; name = libolaartnetconf.dylib; path = /usr/local/lib/libolaartnetconf.dylib; sourceTree = "<absolute>"; };
		DD7E1B40127F5C4D00B1D735 /* libolausbproconf.dylib */ = {isa = PBXFileReference; lastKnownFileType = "compiled.mach-o.dylib"; name = libolausbproconf.dylib; path = /usr/local/lib/libolausbproconf.dylib; sourceTree = "<absolute>"; };
		DD7E1B50127F5D2900B1D735 /* ola-usbpro.h */ = {isa = PBXFileReference; fileEncoding = 4; lastKnownFileType = sourcecode.c.h; path = "ola-usbpro.h"; sourceTree = "<group>"; };
		DD7E1B51127F5D2900B1D735 /* ola-usbpro.cpp */ = {isa = PBXFileReference; fileEncoding = 4; lastKnownFileType = sourcecode.cpp.cpp; path = "ola-usbpro.cpp"; sourceTree = "<group>"; };
		DD7E1C7712800A6C00B1D735 /* ApplicationDelegate.h */ = {isa = PBXFileReference; fileEncoding = 4; lastKnownFileType = sourcecode.c.h; path = ApplicationDelegate.h; sourceTree = "<group>"; };
		DD7E1C7812800A6C00B1D735 /* ApplicationDelegate.m */ = {isa = PBXFileReference; fileEncoding = 4; lastKnownFileType = sourcecode.c.objc; path = ApplicationDelegate.m; sourceTree = "<group>"; };
		DD85427B11F4A67A00D9A974 /* IOKit.framework */ = {isa = PBXFileReference; lastKnownFileType = wrapper.framework; name = IOKit.framework; path = /System/Library/Frameworks/IOKit.framework; sourceTree = "<absolute>"; };
		DD8BB8C81274889700EE51C7 /* CueFollowCell.h */ = {isa = PBXFileReference; fileEncoding = 4; lastKnownFileType = sourcecode.c.h; path = CueFollowCell.h; sourceTree = "<group>"; };
		DD8BB8C91274889700EE51C7 /* CueFollowCell.m */ = {isa = PBXFileReference; fileEncoding = 4; lastKnownFileType = sourcecode.c.objc; path = CueFollowCell.m; sourceTree = "<group>"; };
		DD8BB9F41274B41D00EE51C7 /* NSManagedObjectContext-Category.h */ = {isa = PBXFileReference; fileEncoding = 4; lastKnownFileType = sourcecode.c.h; path = "NSManagedObjectContext-Category.h"; sourceTree = "<group>"; };
		DD8BB9F51274B41D00EE51C7 /* NSManagedObjectContext-Category.m */ = {isa = PBXFileReference; fileEncoding = 4; lastKnownFileType = sourcecode.c.objc; path = "NSManagedObjectContext-Category.m"; sourceTree = "<group>"; };
		DDA702CD11C275F900132DB5 /* BWToolkitFramework.framework */ = {isa = PBXFileReference; lastKnownFileType = wrapper.framework; path = BWToolkitFramework.framework; sourceTree = "<group>"; };
		DDA7031811C276C200132DB5 /* DeviceView.h */ = {isa = PBXFileReference; fileEncoding = 4; lastKnownFileType = sourcecode.c.h; path = DeviceView.h; sourceTree = "<group>"; };
		DDA7031911C276C200132DB5 /* DeviceView.m */ = {isa = PBXFileReference; fileEncoding = 4; lastKnownFileType = sourcecode.c.objc; path = DeviceView.m; sourceTree = "<group>"; };
		DDA7031B11C276D100132DB5 /* GroupsCollectionView.h */ = {isa = PBXFileReference; fileEncoding = 4; lastKnownFileType = sourcecode.c.h; path = GroupsCollectionView.h; sourceTree = "<group>"; };
		DDA7031C11C276D200132DB5 /* GroupsCollectionView.m */ = {isa = PBXFileReference; fileEncoding = 4; lastKnownFileType = sourcecode.c.objc; path = GroupsCollectionView.m; sourceTree = "<group>"; };
		DDA7031D11C276D200132DB5 /* GroupView.h */ = {isa = PBXFileReference; fileEncoding = 4; lastKnownFileType = sourcecode.c.h; path = GroupView.h; sourceTree = "<group>"; };
		DDA7031E11C276D200132DB5 /* GroupView.m */ = {isa = PBXFileReference; fileEncoding = 4; lastKnownFileType = sourcecode.c.objc; path = GroupView.m; sourceTree = "<group>"; };
		DDA7032211C276F300132DB5 /* SelectionController.h */ = {isa = PBXFileReference; fileEncoding = 4; lastKnownFileType = sourcecode.c.h; path = SelectionController.h; sourceTree = "<group>"; };
		DDA7032311C276F300132DB5 /* SelectionController.m */ = {isa = PBXFileReference; fileEncoding = 4; lastKnownFileType = sourcecode.c.objc; path = SelectionController.m; sourceTree = "<group>"; };
		DDA7032411C276F300132DB5 /* DimmerView.h */ = {isa = PBXFileReference; fileEncoding = 4; lastKnownFileType = sourcecode.c.h; path = DimmerView.h; sourceTree = "<group>"; };
		DDA7032511C276F300132DB5 /* DimmerView.m */ = {isa = PBXFileReference; fileEncoding = 4; lastKnownFileType = sourcecode.c.objc; path = DimmerView.m; sourceTree = "<group>"; };
		DDA7039F11C27E9100132DB5 /* DeviceModel.h */ = {isa = PBXFileReference; fileEncoding = 4; lastKnownFileType = sourcecode.c.h; path = DeviceModel.h; sourceTree = "<group>"; };
		DDA703A011C27E9100132DB5 /* DeviceModel.m */ = {isa = PBXFileReference; fileEncoding = 4; lastKnownFileType = sourcecode.c.objc; path = DeviceModel.m; sourceTree = "<group>"; };
		DDA703A211C27EA300132DB5 /* DeviceGroupModel.h */ = {isa = PBXFileReference; fileEncoding = 4; lastKnownFileType = sourcecode.c.h; path = DeviceGroupModel.h; sourceTree = "<group>"; };
		DDA703A311C27EA300132DB5 /* DeviceGroupModel.m */ = {isa = PBXFileReference; fileEncoding = 4; lastKnownFileType = sourcecode.c.objc; path = DeviceGroupModel.m; sourceTree = "<group>"; };
		DDA7043511C2829200132DB5 /* ViewController.h */ = {isa = PBXFileReference; fileEncoding = 4; lastKnownFileType = sourcecode.c.h; path = ViewController.h; sourceTree = "<group>"; };
		DDA7043611C2829200132DB5 /* ViewController.m */ = {isa = PBXFileReference; fileEncoding = 4; lastKnownFileType = sourcecode.c.objc; path = ViewController.m; sourceTree = "<group>"; };
		DDA7051411C28C2000132DB5 /* DevicesController.h */ = {isa = PBXFileReference; fileEncoding = 4; lastKnownFileType = sourcecode.c.h; path = DevicesController.h; sourceTree = "<group>"; };
		DDA7051511C28C2100132DB5 /* DevicesController.m */ = {isa = PBXFileReference; fileEncoding = 4; lastKnownFileType = sourcecode.c.objc; path = DevicesController.m; sourceTree = "<group>"; };
		DDA7055611C2908C00132DB5 /* DevicePropertyModel.h */ = {isa = PBXFileReference; fileEncoding = 4; lastKnownFileType = sourcecode.c.h; path = DevicePropertyModel.h; sourceTree = "<group>"; };
		DDA7055711C2908C00132DB5 /* DevicePropertyModel.m */ = {isa = PBXFileReference; fileEncoding = 4; lastKnownFileType = sourcecode.c.objc; path = DevicePropertyModel.m; sourceTree = "<group>"; };
		DDA7058A11C2946200132DB5 /* Helper.h */ = {isa = PBXFileReference; fileEncoding = 4; lastKnownFileType = sourcecode.c.h; path = Helper.h; sourceTree = "<group>"; };
		DDB3292311FC8DD500168794 /* GraphView.h */ = {isa = PBXFileReference; fileEncoding = 4; lastKnownFileType = sourcecode.c.h; path = GraphView.h; sourceTree = "<group>"; };
		DDB3292411FC8DD500168794 /* GraphView.m */ = {isa = PBXFileReference; fileEncoding = 4; lastKnownFileType = sourcecode.c.objc; path = GraphView.m; sourceTree = "<group>"; };
		DDC0334811CBABB9005EBCC6 /* TimeFormatter.m */ = {isa = PBXFileReference; fileEncoding = 4; lastKnownFileType = sourcecode.c.objc; path = TimeFormatter.m; sourceTree = "<group>"; };
		DDC0334911CBABB9005EBCC6 /* TimeFormatter.h */ = {isa = PBXFileReference; fileEncoding = 4; lastKnownFileType = sourcecode.c.h; path = TimeFormatter.h; sourceTree = "<group>"; };
		DDC035A711CBD49B005EBCC6 /* CueController.h */ = {isa = PBXFileReference; fileEncoding = 4; lastKnownFileType = sourcecode.c.h; path = CueController.h; sourceTree = "<group>"; };
		DDC035A811CBD49B005EBCC6 /* CueController.m */ = {isa = PBXFileReference; fileEncoding = 4; lastKnownFileType = sourcecode.c.objc; path = CueController.m; sourceTree = "<group>"; };
		DDC182AA120866A4005C3BB0 /* MainWindow.h */ = {isa = PBXFileReference; fileEncoding = 4; lastKnownFileType = sourcecode.c.h; path = MainWindow.h; sourceTree = "<group>"; };
		DDC182AB120866A4005C3BB0 /* MainWindow.m */ = {isa = PBXFileReference; fileEncoding = 4; lastKnownFileType = sourcecode.c.objc; path = MainWindow.m; sourceTree = "<group>"; };
		DDF0AB0611EB538C002729B4 /* CueDevicePropertyRelationModel.h */ = {isa = PBXFileReference; fileEncoding = 4; lastKnownFileType = sourcecode.c.h; path = CueDevicePropertyRelationModel.h; sourceTree = "<group>"; };
		DDF0AB0711EB538C002729B4 /* CueDevicePropertyRelationModel.m */ = {isa = PBXFileReference; fileEncoding = 4; lastKnownFileType = sourcecode.c.objc; path = CueDevicePropertyRelationModel.m; sourceTree = "<group>"; };
		DDF2BFF311FDBD0C00928748 /* GraphCueAreaView.h */ = {isa = PBXFileReference; fileEncoding = 4; lastKnownFileType = sourcecode.c.h; path = GraphCueAreaView.h; sourceTree = "<group>"; };
		DDF2BFF411FDBD0C00928748 /* GraphCueAreaView.m */ = {isa = PBXFileReference; fileEncoding = 4; lastKnownFileType = sourcecode.c.objc; path = GraphCueAreaView.m; sourceTree = "<group>"; };
/* End PBXFileReference section */

/* Begin PBXFrameworksBuildPhase section */
		8D15AC330486D014006FF6A4 /* Frameworks */ = {
			isa = PBXFrameworksBuildPhase;
			buildActionMask = 2147483647;
			files = (
				775DFF38067A968500C5B868 /* Cocoa.framework in Frameworks */,
				DDA702CE11C275F900132DB5 /* BWToolkitFramework.framework in Frameworks */,
				DD85427C11F4A67A00D9A974 /* IOKit.framework in Frameworks */,
				DD2DBA68127833A6001C58AC /* libprotobuf.dylib in Frameworks */,
				DD2DBA6A127833B3001C58AC /* libola.dylib in Frameworks */,
				DD2DBA6C127833C0001C58AC /* libolacommon.dylib in Frameworks */,
				DD7E1B3D127F5C3800B1D735 /* libolaartnetconf.dylib in Frameworks */,
				DD7E1B41127F5C4D00B1D735 /* libolausbproconf.dylib in Frameworks */,
			);
			runOnlyForDeploymentPostprocessing = 0;
		};
/* End PBXFrameworksBuildPhase section */

/* Begin PBXGroup section */
		1058C7A6FEA54F5311CA2CBB /* Linked Frameworks */ = {
			isa = PBXGroup;
			children = (
				1058C7A7FEA54F5311CA2CBB /* Cocoa.framework */,
			);
			name = "Linked Frameworks";
			sourceTree = "<group>";
		};
		1058C7A8FEA54F5311CA2CBB /* Other Frameworks */ = {
			isa = PBXGroup;
			children = (
				DD85427B11F4A67A00D9A974 /* IOKit.framework */,
				2A37F4C5FDCFA73011CA2CEA /* Foundation.framework */,
				7788DA0506752A1600599AAD /* CoreData.framework */,
				2A37F4C4FDCFA73011CA2CEA /* AppKit.framework */,
			);
			name = "Other Frameworks";
			sourceTree = "<group>";
		};
		19C28FB0FE9D524F11CA2CBB /* Products */ = {
			isa = PBXGroup;
			children = (
				8D15AC370486D014006FF6A4 /* LightCue.app */,
			);
			name = Products;
			sourceTree = "<group>";
		};
		2A37F4AAFDCFA73011CA2CEA /* LightCue */ = {
			isa = PBXGroup;
			children = (
				E1B74B1A0667B4A90069E3BA /* Models */,
				2A37F4ABFDCFA73011CA2CEA /* Classes */,
				2A37F4AFFDCFA73011CA2CEA /* Other Sources */,
				2A37F4B8FDCFA73011CA2CEA /* Resources */,
				2A37F4C3FDCFA73011CA2CEA /* Frameworks */,
				19C28FB0FE9D524F11CA2CBB /* Products */,
			);
			name = LightCue;
			sourceTree = "<group>";
		};
		2A37F4ABFDCFA73011CA2CEA /* Classes */ = {
			isa = PBXGroup;
			children = (
				DD7E1A71127F50F200B1D735 /* OLA */,
				DD2DBA6F12783413001C58AC /* OlaController.h */,
				DD2DBA7012783413001C58AC /* OlaController.mm */,
				2A37F4AEFDCFA73011CA2CEA /* ShowDocument.h */,
				2A37F4ACFDCFA73011CA2CEA /* ShowDocument.m */,
				DD3A08211208C1A100250889 /* Helpers */,
				DDC182AA120866A4005C3BB0 /* MainWindow.h */,
				DDC182AB120866A4005C3BB0 /* MainWindow.m */,
				DDA7043511C2829200132DB5 /* ViewController.h */,
				DDA7043611C2829200132DB5 /* ViewController.m */,
				DD18641C11E736D1008B4F27 /* Cue */,
				DDA7031711C276B800132DB5 /* DeviceGroup */,
				DDA7031611C276B000132DB5 /* Device */,
				DDA7032111C276F300132DB5 /* Operation */,
				DDB3292C11FC8DFC00168794 /* CueEditArea */,
				DDA7058A11C2946200132DB5 /* Helper.h */,
				DD009C4711C97AE60011552A /* ThemedScroller.h */,
				DD009C4811C97AE60011552A /* ThemedScroller.m */,
				DDC0334911CBABB9005EBCC6 /* TimeFormatter.h */,
				DDC0334811CBABB9005EBCC6 /* TimeFormatter.m */,
				DD3A39C41205A4B700797754 /* PasteboardTypes.h */,
				DD7E1C7712800A6C00B1D735 /* ApplicationDelegate.h */,
				DD7E1C7812800A6C00B1D735 /* ApplicationDelegate.m */,
			);
			name = Classes;
			sourceTree = "<group>";
		};
		2A37F4AFFDCFA73011CA2CEA /* Other Sources */ = {
			isa = PBXGroup;
			children = (
				32DBCF750370BD2300C91783 /* LightCue_Prefix.pch */,
				2A37F4B0FDCFA73011CA2CEA /* main.m */,
			);
			name = "Other Sources";
			sourceTree = "<group>";
		};
		2A37F4B8FDCFA73011CA2CEA /* Resources */ = {
			isa = PBXGroup;
			children = (
				DD3A37C1120377DD00797754 /* prewait_01.png */,
				DD3A37C2120377DD00797754 /* prewait_02.png */,
				DD3A37C3120377DD00797754 /* prewait_03.png */,
				DD40BFFD12722FA30049E253 /* followTableArrow.png */,
				DD3A368012036BDC00797754 /* followArrow1.png */,
				DD3A368112036BDC00797754 /* followArrow2.png */,
				DD3A368212036BDC00797754 /* followArrow3.png */,
				DD3E885B11EFAF1100442BA7 /* greenDot.PNG */,
				DD3E885C11EFAF1100442BA7 /* halfOrangeDot.PNG */,
				DD3E885D11EFAF1100442BA7 /* orangeDot.PNG */,
				DD009C5411C97CD30011552A /* Scroller */,
				2F7446A70DB6BCF400F9684A /* MainMenu.xib */,
				2F7446A90DB6BCF400F9684A /* ShowDocument.xib */,
				2A37F4B9FDCFA73011CA2CEA /* Credits.rtf */,
				8D15AC360486D014006FF6A4 /* LightCue-Info.plist */,
				089C165FFE840EACC02AAC07 /* InfoPlist.strings */,
			);
			name = Resources;
			sourceTree = "<group>";
		};
		2A37F4C3FDCFA73011CA2CEA /* Frameworks */ = {
			isa = PBXGroup;
			children = (
				DDA702CD11C275F900132DB5 /* BWToolkitFramework.framework */,
				1058C7A6FEA54F5311CA2CBB /* Linked Frameworks */,
				1058C7A8FEA54F5311CA2CBB /* Other Frameworks */,
				DD2DBA67127833A6001C58AC /* libprotobuf.dylib */,
				DD2DBA69127833B3001C58AC /* libola.dylib */,
				DD2DBA6B127833C0001C58AC /* libolacommon.dylib */,
				DD7E1B3C127F5C3800B1D735 /* libolaartnetconf.dylib */,
				DD7E1B40127F5C4D00B1D735 /* libolausbproconf.dylib */,
			);
			name = Frameworks;
			sourceTree = "<group>";
		};
		DD009C5411C97CD30011552A /* Scroller */ = {
			isa = PBXGroup;
			children = (
				DD009C5511C97CDB0011552A /* TransparentScrollerKnobBottom.tif */,
				DD009C5611C97CDB0011552A /* TransparentScrollerKnobHorizontalFill.tif */,
				DD009C5711C97CDB0011552A /* TransparentScrollerKnobLeft.tif */,
				DD009C5811C97CDB0011552A /* TransparentScrollerKnobRight.tif */,
				DD009C5911C97CDB0011552A /* TransparentScrollerKnobTop.tif */,
				DD009C5A11C97CDB0011552A /* TransparentScrollerKnobVerticalFill.tif */,
				DD009C5B11C97CDB0011552A /* TransparentScrollerSlotBottom.tif */,
				DD009C5C11C97CDB0011552A /* TransparentScrollerSlotHorizontalFill.tif */,
				DD009C5D11C97CDB0011552A /* TransparentScrollerSlotLeft.tif */,
				DD009C5E11C97CDB0011552A /* TransparentScrollerSlotRight.tif */,
				DD009C5F11C97CDB0011552A /* TransparentScrollerSlotTop.tif */,
				DD009C6011C97CDB0011552A /* TransparentScrollerSlotVerticalFill.tif */,
			);
			name = Scroller;
			sourceTree = "<group>";
		};
		DD18641C11E736D1008B4F27 /* Cue */ = {
			isa = PBXGroup;
			children = (
				DDC035A711CBD49B005EBCC6 /* CueController.h */,
				DDC035A811CBD49B005EBCC6 /* CueController.m */,
				DD3A39B01205A2F000797754 /* CueOutlineView.h */,
				DD3A39B11205A2F000797754 /* CueOutlineView.m */,
				DD3A3B1E1205BF9900797754 /* CueTreeController.h */,
				DD3A3B1F1205BF9900797754 /* CueTreeController.m */,
				DD3A38CF1204348E00797754 /* CueModel.h */,
				DD3A38D01204348E00797754 /* CueModel.m */,
				DD18641E11E73700008B4F27 /* LightCueModel.h */,
				DD18641F11E73700008B4F27 /* LightCueModel.m */,
				DD0AD2F612060A500001C420 /* CueGroupModel.h */,
				DD0AD2F712060A500001C420 /* CueGroupModel.m */,
				DDF0AB0611EB538C002729B4 /* CueDevicePropertyRelationModel.h */,
				DDF0AB0711EB538C002729B4 /* CueDevicePropertyRelationModel.m */,
				DD3E892A11F0507D00442BA7 /* CueDeviceRelationModel.h */,
				DD3E892B11F0507D00442BA7 /* CueDeviceRelationModel.m */,
				DD3E8A5611F2150800442BA7 /* CueTableTextCell.h */,
				DD3E8A5711F2150800442BA7 /* CueTableTextCell.m */,
				DD18619F11E65095008B4F27 /* CueTimeCell.h */,
				DD1861A011E65095008B4F27 /* CueTimeCell.m */,
				DD8BB8C81274889700EE51C7 /* CueFollowCell.h */,
				DD8BB8C91274889700EE51C7 /* CueFollowCell.m */,
			);
			name = Cue;
			sourceTree = "<group>";
		};
		DD3A08211208C1A100250889 /* Helpers */ = {
			isa = PBXGroup;
			children = (
				DD3A08271208C1BB00250889 /* NSArray_Extensions.h */,
				DD3A08281208C1BB00250889 /* NSTreeController_Extensions.h */,
				DD3A08291208C1BB00250889 /* NSIndexPath_Extensions.h */,
				DD3A082A1208C1BB00250889 /* NSTreeNode_Extensions.h */,
				DD3A082B1208C1BB00250889 /* ESTreeController.h */,
				DD3A082C1208C1BB00250889 /* ESOutlineView.h */,
				DD3A082D1208C1C100250889 /* NSArray_Extensions.m */,
				DD3A082E1208C1C100250889 /* NSTreeController_Extensions.m */,
				DD3A082F1208C1C100250889 /* NSTreeNode_Extensions.m */,
				DD3A08301208C1C100250889 /* NSIndexPath_Extensions.m */,
				DD3A08311208C1C100250889 /* ESTreeController.m */,
				DD3A08321208C1C100250889 /* ESOutlineView.m */,
				DD40C0EE12724A740049E253 /* NSTreeController-DMExtensions.h */,
				DD40C0EF12724A740049E253 /* NSTreeController-DMExtensions.m */,
				DD8BB9F41274B41D00EE51C7 /* NSManagedObjectContext-Category.h */,
				DD8BB9F51274B41D00EE51C7 /* NSManagedObjectContext-Category.m */,
			);
			name = Helpers;
			sourceTree = "<group>";
		};
		DD7E1A71127F50F200B1D735 /* OLA */ = {
			isa = PBXGroup;
			children = (
				DD7E1A68127F4E5C00B1D735 /* DmxController.h */,
				DD7E1A69127F4E5C00B1D735 /* DmxController.mm */,
				DD7E1AF7127F59CE00B1D735 /* OlaConfigurator.h */,
				DD7E1AF8127F59CE00B1D735 /* OlaConfigurator.cpp */,
				DD7E1B04127F5A3900B1D735 /* ola-artnet.h */,
				DD7E1B50127F5D2900B1D735 /* ola-usbpro.h */,
				DD7E1B51127F5D2900B1D735 /* ola-usbpro.cpp */,
			);
			name = OLA;
			sourceTree = "<group>";
		};
		DDA7031611C276B000132DB5 /* Device */ = {
			isa = PBXGroup;
			children = (
				DDA7051411C28C2000132DB5 /* DevicesController.h */,
				DDA7051511C28C2100132DB5 /* DevicesController.m */,
				DDA7031811C276C200132DB5 /* DeviceView.h */,
				DDA7031911C276C200132DB5 /* DeviceView.m */,
				DDA7039F11C27E9100132DB5 /* DeviceModel.h */,
				DDA703A011C27E9100132DB5 /* DeviceModel.m */,
				DDA7055611C2908C00132DB5 /* DevicePropertyModel.h */,
				DDA7055711C2908C00132DB5 /* DevicePropertyModel.m */,
			);
			name = Device;
			sourceTree = "<group>";
		};
		DDA7031711C276B800132DB5 /* DeviceGroup */ = {
			isa = PBXGroup;
			children = (
				DDA7031B11C276D100132DB5 /* GroupsCollectionView.h */,
				DDA7031C11C276D200132DB5 /* GroupsCollectionView.m */,
				DDA7031D11C276D200132DB5 /* GroupView.h */,
				DDA7031E11C276D200132DB5 /* GroupView.m */,
				DDA703A211C27EA300132DB5 /* DeviceGroupModel.h */,
				DDA703A311C27EA300132DB5 /* DeviceGroupModel.m */,
			);
			name = DeviceGroup;
			sourceTree = "<group>";
		};
		DDA7032111C276F300132DB5 /* Operation */ = {
			isa = PBXGroup;
			children = (
				DDA7032211C276F300132DB5 /* SelectionController.h */,
				DDA7032311C276F300132DB5 /* SelectionController.m */,
				DDA7032411C276F300132DB5 /* DimmerView.h */,
				DDA7032511C276F300132DB5 /* DimmerView.m */,
			);
			name = Operation;
			sourceTree = "<group>";
		};
		DDB3292C11FC8DFC00168794 /* CueEditArea */ = {
			isa = PBXGroup;
			children = (
				DDB3292311FC8DD500168794 /* GraphView.h */,
				DDB3292411FC8DD500168794 /* GraphView.m */,
				DDF2BFF311FDBD0C00928748 /* GraphCueAreaView.h */,
				DDF2BFF411FDBD0C00928748 /* GraphCueAreaView.m */,
			);
			name = CueEditArea;
			sourceTree = "<group>";
		};
		E1B74B1A0667B4A90069E3BA /* Models */ = {
			isa = PBXGroup;
			children = (
				775BDEF0067A8BF0009058FE /* ShowDocument.xcdatamodel */,
			);
			name = Models;
			sourceTree = "<group>";
		};
/* End PBXGroup section */

/* Begin PBXNativeTarget section */
		8D15AC270486D014006FF6A4 /* LightCue */ = {
			isa = PBXNativeTarget;
			buildConfigurationList = 26FC0AA50875C8B900E6366F /* Build configuration list for PBXNativeTarget "LightCue" */;
			buildPhases = (
				8D15AC2B0486D014006FF6A4 /* Resources */,
				8D15AC300486D014006FF6A4 /* Sources */,
				8D15AC330486D014006FF6A4 /* Frameworks */,
				DDA7030D11C2764800132DB5 /* Copy Frameworks */,
			);
			buildRules = (
			);
			dependencies = (
			);
			name = LightCue;
			productInstallPath = "$(HOME)/Applications";
			productName = LightCue;
			productReference = 8D15AC370486D014006FF6A4 /* LightCue.app */;
			productType = "com.apple.product-type.application";
		};
/* End PBXNativeTarget section */

/* Begin PBXProject section */
		2A37F4A9FDCFA73011CA2CEA /* Project object */ = {
			isa = PBXProject;
			buildConfigurationList = 26FC0AA90875C8B900E6366F /* Build configuration list for PBXProject "LightCue" */;
			compatibilityVersion = "Xcode 3.1";
			hasScannedForEncodings = 1;
			knownRegions = (
				en,
			);
			mainGroup = 2A37F4AAFDCFA73011CA2CEA /* LightCue */;
			projectDirPath = "";
			projectRoot = "";
			targets = (
				8D15AC270486D014006FF6A4 /* LightCue */,
			);
		};
/* End PBXProject section */

/* Begin PBXResourcesBuildPhase section */
		8D15AC2B0486D014006FF6A4 /* Resources */ = {
			isa = PBXResourcesBuildPhase;
			buildActionMask = 2147483647;
			files = (
				DD3E885E11EFAF1100442BA7 /* greenDot.PNG in Resources */,
				DD3E885F11EFAF1100442BA7 /* halfOrangeDot.PNG in Resources */,
				DD3E886011EFAF1100442BA7 /* orangeDot.PNG in Resources */,
				8D15AC2C0486D014006FF6A4 /* Credits.rtf in Resources */,
				8D15AC2F0486D014006FF6A4 /* InfoPlist.strings in Resources */,
				2F7446AB0DB6BCF400F9684A /* MainMenu.xib in Resources */,
				2F7446AC0DB6BCF400F9684A /* ShowDocument.xib in Resources */,
				DD009C6111C97CDB0011552A /* TransparentScrollerKnobBottom.tif in Resources */,
				DD009C6211C97CDB0011552A /* TransparentScrollerKnobHorizontalFill.tif in Resources */,
				DD009C6311C97CDB0011552A /* TransparentScrollerKnobLeft.tif in Resources */,
				DD009C6411C97CDB0011552A /* TransparentScrollerKnobRight.tif in Resources */,
				DD009C6511C97CDB0011552A /* TransparentScrollerKnobTop.tif in Resources */,
				DD009C6611C97CDB0011552A /* TransparentScrollerKnobVerticalFill.tif in Resources */,
				DD009C6711C97CDB0011552A /* TransparentScrollerSlotBottom.tif in Resources */,
				DD009C6811C97CDB0011552A /* TransparentScrollerSlotHorizontalFill.tif in Resources */,
				DD009C6911C97CDB0011552A /* TransparentScrollerSlotLeft.tif in Resources */,
				DD009C6A11C97CDB0011552A /* TransparentScrollerSlotRight.tif in Resources */,
				DD009C6B11C97CDB0011552A /* TransparentScrollerSlotTop.tif in Resources */,
				DD009C6C11C97CDB0011552A /* TransparentScrollerSlotVerticalFill.tif in Resources */,
				DD3A368312036BDC00797754 /* followArrow1.png in Resources */,
				DD3A368412036BDC00797754 /* followArrow2.png in Resources */,
				DD3A368512036BDC00797754 /* followArrow3.png in Resources */,
				DD3A37C4120377DD00797754 /* prewait_01.png in Resources */,
				DD3A37C5120377DD00797754 /* prewait_02.png in Resources */,
				DD3A37C6120377DD00797754 /* prewait_03.png in Resources */,
				DD40BFFE12722FA30049E253 /* followTableArrow.png in Resources */,
			);
			runOnlyForDeploymentPostprocessing = 0;
		};
/* End PBXResourcesBuildPhase section */

/* Begin PBXSourcesBuildPhase section */
		8D15AC300486D014006FF6A4 /* Sources */ = {
			isa = PBXSourcesBuildPhase;
			buildActionMask = 2147483647;
			files = (
				8D15AC310486D014006FF6A4 /* ShowDocument.m in Sources */,
				8D15AC320486D014006FF6A4 /* main.m in Sources */,
				775BDEF1067A8BF0009058FE /* ShowDocument.xcdatamodel in Sources */,
				DDA7031A11C276C200132DB5 /* DeviceView.m in Sources */,
				DDA7031F11C276D200132DB5 /* GroupsCollectionView.m in Sources */,
				DDA7032011C276D200132DB5 /* GroupView.m in Sources */,
				DDA7032611C276F300132DB5 /* SelectionController.m in Sources */,
				DDA7032711C276F300132DB5 /* DimmerView.m in Sources */,
				DDA703A111C27E9100132DB5 /* DeviceModel.m in Sources */,
				DDA703A411C27EA300132DB5 /* DeviceGroupModel.m in Sources */,
				DDA7043711C2829200132DB5 /* ViewController.m in Sources */,
				DDA7051611C28C2100132DB5 /* DevicesController.m in Sources */,
				DDA7055811C2908C00132DB5 /* DevicePropertyModel.m in Sources */,
				DD009C4911C97AE60011552A /* ThemedScroller.m in Sources */,
				DDC0334A11CBABB9005EBCC6 /* TimeFormatter.m in Sources */,
				DDC035A911CBD49B005EBCC6 /* CueController.m in Sources */,
				DD1861A111E65095008B4F27 /* CueTimeCell.m in Sources */,
				DD18642011E73700008B4F27 /* LightCueModel.m in Sources */,
				DDF0AB0811EB538C002729B4 /* CueDevicePropertyRelationModel.m in Sources */,
				DD3E892C11F0507D00442BA7 /* CueDeviceRelationModel.m in Sources */,
				DD3E8A5811F2150800442BA7 /* CueTableTextCell.m in Sources */,
				DDB3292511FC8DD500168794 /* GraphView.m in Sources */,
				DDF2BFF511FDBD0C00928748 /* GraphCueAreaView.m in Sources */,
				DD3A38D11204348E00797754 /* CueModel.m in Sources */,
				DD3A39B21205A2F000797754 /* CueOutlineView.m in Sources */,
				DD3A3B201205BF9900797754 /* CueTreeController.m in Sources */,
				DD0AD2F812060A500001C420 /* CueGroupModel.m in Sources */,
				DDC182AC120866A4005C3BB0 /* MainWindow.m in Sources */,
				DD3A08331208C1C100250889 /* NSArray_Extensions.m in Sources */,
				DD3A08341208C1C100250889 /* NSTreeController_Extensions.m in Sources */,
				DD3A08351208C1C100250889 /* NSTreeNode_Extensions.m in Sources */,
				DD3A08361208C1C100250889 /* NSIndexPath_Extensions.m in Sources */,
				DD3A08371208C1C100250889 /* ESTreeController.m in Sources */,
				DD3A08381208C1C100250889 /* ESOutlineView.m in Sources */,
				DD40C0F012724A740049E253 /* NSTreeController-DMExtensions.m in Sources */,
				DD8BB8CA1274889700EE51C7 /* CueFollowCell.m in Sources */,
				DD8BB9F61274B41D00EE51C7 /* NSManagedObjectContext-Category.m in Sources */,
				DD2DBA7112783413001C58AC /* OlaController.mm in Sources */,
				DD7E1A6A127F4E5C00B1D735 /* DmxController.mm in Sources */,
				DD7E1AF9127F59CE00B1D735 /* OlaConfigurator.cpp in Sources */,
				DD7E1B05127F5A3900B1D735 /* ola-artnet.h in Sources */,
				DD7E1B52127F5D2900B1D735 /* ola-usbpro.cpp in Sources */,
				DD7E1C7912800A6C00B1D735 /* ApplicationDelegate.m in Sources */,
			);
			runOnlyForDeploymentPostprocessing = 0;
		};
/* End PBXSourcesBuildPhase section */

/* Begin PBXVariantGroup section */
		089C165FFE840EACC02AAC07 /* InfoPlist.strings */ = {
			isa = PBXVariantGroup;
			children = (
				089C1660FE840EACC02AAC07 /* English */,
			);
			name = InfoPlist.strings;
			sourceTree = "<group>";
		};
		2A37F4B9FDCFA73011CA2CEA /* Credits.rtf */ = {
			isa = PBXVariantGroup;
			children = (
				2A37F4BAFDCFA73011CA2CEA /* English */,
			);
			name = Credits.rtf;
			sourceTree = "<group>";
		};
		2F7446A70DB6BCF400F9684A /* MainMenu.xib */ = {
			isa = PBXVariantGroup;
			children = (
				2F7446A80DB6BCF400F9684A /* English */,
			);
			name = MainMenu.xib;
			sourceTree = "<group>";
		};
		2F7446A90DB6BCF400F9684A /* ShowDocument.xib */ = {
			isa = PBXVariantGroup;
			children = (
				2F7446AA0DB6BCF400F9684A /* English */,
			);
			name = ShowDocument.xib;
			sourceTree = "<group>";
		};
/* End PBXVariantGroup section */

/* Begin XCBuildConfiguration section */
		26FC0AA60875C8B900E6366F /* Debug */ = {
			isa = XCBuildConfiguration;
			buildSettings = {
				ARCHS = "$(ARCHS_STANDARD_32_64_BIT)";
				COPY_PHASE_STRIP = NO;
				FRAMEWORK_SEARCH_PATHS = (
					"$(inherited)",
					"\"$(SRCROOT)\"",
				);
				GCC_DYNAMIC_NO_PIC = NO;
				GCC_ENABLE_FIX_AND_CONTINUE = YES;
				GCC_ENABLE_OBJC_EXCEPTIONS = YES;
				GCC_MODEL_TUNING = G5;
				GCC_OPTIMIZATION_LEVEL = 0;
				GCC_PRECOMPILE_PREFIX_HEADER = YES;
				GCC_PREFIX_HEADER = LightCue_Prefix.pch;
				INFOPLIST_FILE = "LightCue-Info.plist";
				INSTALL_PATH = "$(HOME)/Applications";
				PRODUCT_NAME = LightCue;
				WRAPPER_EXTENSION = app;
			};
			name = Debug;
		};
		26FC0AA70875C8B900E6366F /* Release */ = {
			isa = XCBuildConfiguration;
			buildSettings = {
				DEBUG_INFORMATION_FORMAT = "dwarf-with-dsym";
				FRAMEWORK_SEARCH_PATHS = (
					"$(inherited)",
					"\"$(SRCROOT)\"",
				);
				GCC_ENABLE_OBJC_EXCEPTIONS = YES;
				GCC_ENABLE_OBJC_GC = required;
				GCC_MODEL_TUNING = G5;
				GCC_PRECOMPILE_PREFIX_HEADER = YES;
				GCC_PREFIX_HEADER = LightCue_Prefix.pch;
				INFOPLIST_FILE = "LightCue-Info.plist";
				INSTALL_PATH = "$(HOME)/Applications";
				PRODUCT_NAME = LightCue;
				WRAPPER_EXTENSION = app;
			};
			name = Release;
		};
		26FC0AAA0875C8B900E6366F /* Debug */ = {
			isa = XCBuildConfiguration;
			buildSettings = {
				ARCHS = "$(ARCHS_STANDARD_32_BIT)";
				GCC_C_LANGUAGE_STANDARD = gnu99;
				GCC_ENABLE_OBJC_GC = required;
				GCC_VERSION = com.apple.compilers.llvm.clang.1_0;
				GCC_WARN_ABOUT_RETURN_TYPE = YES;
				GCC_WARN_UNUSED_VARIABLE = YES;
				HEADER_SEARCH_PATHS = /usr/local/include;
				MACOSX_DEPLOYMENT_TARGET = 10.6;
				ONLY_ACTIVE_ARCH = YES;
				PREBINDING = NO;
				RUN_CLANG_STATIC_ANALYZER = YES;
				SDKROOT = macosx10.6;
			};
			name = Debug;
		};
		26FC0AAB0875C8B900E6366F /* Release */ = {
			isa = XCBuildConfiguration;
			buildSettings = {
				ARCHS = "$(ARCHS_STANDARD_32_BIT)";
				GCC_C_LANGUAGE_STANDARD = gnu99;
				GCC_WARN_ABOUT_RETURN_TYPE = YES;
				GCC_WARN_UNUSED_VARIABLE = YES;
				HEADER_SEARCH_PATHS = /usr/local/include;
				MACOSX_DEPLOYMENT_TARGET = 10.6;
				PREBINDING = NO;
				SDKROOT = macosx10.6;
			};
			name = Release;
		};
/* End XCBuildConfiguration section */

/* Begin XCConfigurationList section */
		26FC0AA50875C8B900E6366F /* Build configuration list for PBXNativeTarget "LightCue" */ = {
			isa = XCConfigurationList;
			buildConfigurations = (
				26FC0AA60875C8B900E6366F /* Debug */,
				26FC0AA70875C8B900E6366F /* Release */,
			);
			defaultConfigurationIsVisible = 0;
			defaultConfigurationName = Release;
		};
		26FC0AA90875C8B900E6366F /* Build configuration list for PBXProject "LightCue" */ = {
			isa = XCConfigurationList;
			buildConfigurations = (
				26FC0AAA0875C8B900E6366F /* Debug */,
				26FC0AAB0875C8B900E6366F /* Release */,
			);
			defaultConfigurationIsVisible = 0;
			defaultConfigurationName = Release;
		};
/* End XCConfigurationList section */
	};
	rootObject = 2A37F4A9FDCFA73011CA2CEA /* Project object */;
}
